
Microsoft Visual Studio Solution File, Format Version 12.00
# Visual Studio 2012
Project("{FAE04EC0-301F-11D3-BF4B-00C04F79EFBC}") = "duel", "duel\duel.csproj", "{B626AD7D-06FE-4EEA-8E41-9E45ED15EEC0}"
EndProject
Project("{FAE04EC0-301F-11D3-BF4B-00C04F79EFBC}") = "UnitTestProject1", "UnitTestProject1\UnitTestProject1.csproj", "{6DCA6930-0B15-4589-A10E-8504A8A30D2E}"
EndProject
Global
	GlobalSection(SolutionConfigurationPlatforms) = preSolution
		Debug|Any CPU = Debug|Any CPU
		Release|Any CPU = Release|Any CPU
	EndGlobalSection
	GlobalSection(ProjectConfigurationPlatforms) = postSolution
		{B626AD7D-06FE-4EEA-8E41-9E45ED15EEC0}.Debug|Any CPU.ActiveCfg = Debug|Any CPU
		{B626AD7D-06FE-4EEA-8E41-9E45ED15EEC0}.Debug|Any CPU.Build.0 = Debug|Any CPU
		{B626AD7D-06FE-4EEA-8E41-9E45ED15EEC0}.Release|Any CPU.ActiveCfg = Release|Any CPU
		{B626AD7D-06FE-4EEA-8E41-9E45ED15EEC0}.Release|Any CPU.Build.0 = Release|Any CPU
		{6DCA6930-0B15-4589-A10E-8504A8A30D2E}.Debug|Any CPU.ActiveCfg = Debug|Any CPU
		{6DCA6930-0B15-4589-A10E-8504A8A30D2E}.Debug|Any CPU.Build.0 = Debug|Any CPU
		{6DCA6930-0B15-4589-A10E-8504A8A30D2E}.Release|Any CPU.ActiveCfg = Release|Any CPU
		{6DCA6930-0B15-4589-A10E-8504A8A30D2E}.Release|Any CPU.Build.0 = Release|Any CPU
	EndGlobalSection
	GlobalSection(SolutionProperties) = preSolution
		HideSolutionNode = FALSE
	EndGlobalSection
EndGlobal
